
Microsoft Visual Studio Solution File, Format Version 12.00
# Visual Studio Version 16
VisualStudioVersion = 16.0.29609.76
MinimumVisualStudioVersion = 10.0.40219.1
Project("{FAE04EC0-301F-11D3-BF4B-00C04F79EFBC}") = "ConsoleApp6", "ConsoleApp6\ConsoleApp6.csproj", "{C63934F0-47ED-43F7-BC63-BA465D091502}"
EndProject
Global
	GlobalSection(SolutionConfigurationPlatforms) = preSolution
		Debug|Any CPU = Debug|Any CPU
		Release|Any CPU = Release|Any CPU
	EndGlobalSection
	GlobalSection(ProjectConfigurationPlatforms) = postSolution
		{C63934F0-47ED-43F7-BC63-BA465D091502}.Debug|Any CPU.ActiveCfg = Debug|Any CPU
		{C63934F0-47ED-43F7-BC63-BA465D091502}.Debug|Any CPU.Build.0 = Debug|Any CPU
		{C63934F0-47ED-43F7-BC63-BA465D091502}.Release|Any CPU.ActiveCfg = Release|Any CPU
		{C63934F0-47ED-43F7-BC63-BA465D091502}.Release|Any CPU.Build.0 = Release|Any CPU
	EndGlobalSection
	GlobalSection(SolutionProperties) = preSolution
		HideSolutionNode = FALSE
	EndGlobalSection
	GlobalSection(ExtensibilityGlobals) = postSolution
		SolutionGuid = {7E5EB644-757D-4D94-830F-DB33124584EB}
	EndGlobalSection
EndGlobal
